
Microsoft Visual Studio Solution File, Format Version 12.00
# Visual Studio 15
VisualStudioVersion = 15.0.28010.2048
MinimumVisualStudioVersion = 10.0.40219.1
Project("{9A19103F-16F7-4668-BE54-9A1E7A4F7556}") = "asptestcloud", "asptestcloud.csproj", "{BCDBF124-138E-4FFE-9084-09AD9151604C}"
EndProject
Global
	GlobalSection(SolutionConfigurationPlatforms) = preSolution
		Debug|Any CPU = Debug|Any CPU
		Release|Any CPU = Release|Any CPU
	EndGlobalSection
	GlobalSection(ProjectConfigurationPlatforms) = postSolution
		{BCDBF124-138E-4FFE-9084-09AD9151604C}.Debug|Any CPU.ActiveCfg = Debug|Any CPU
		{BCDBF124-138E-4FFE-9084-09AD9151604C}.Debug|Any CPU.Build.0 = Debug|Any CPU
		{BCDBF124-138E-4FFE-9084-09AD9151604C}.Release|Any CPU.ActiveCfg = Release|Any CPU
		{BCDBF124-138E-4FFE-9084-09AD9151604C}.Release|Any CPU.Build.0 = Release|Any CPU
	EndGlobalSection
	GlobalSection(SolutionProperties) = preSolution
		HideSolutionNode = FALSE
	EndGlobalSection
	GlobalSection(ExtensibilityGlobals) = postSolution
		SolutionGuid = {336E3FED-5DE7-4CA0-B03F-5E70E4C1A22B}
	EndGlobalSection
EndGlobal
